
Microsoft Visual Studio Solution File, Format Version 12.00
# Visual Studio Version 17
VisualStudioVersion = 17.5.33414.496
MinimumVisualStudioVersion = 10.0.40219.1
Project("{FAE04EC0-301F-11D3-BF4B-00C04F79EFBC}") = "AnyarMvc", "AnyarMvc\AnyarMvc.csproj", "{8F9B996C-F5FB-4DDA-982B-4B30825933C3}"
EndProject
Global
	GlobalSection(SolutionConfigurationPlatforms) = preSolution
		Debug|Any CPU = Debug|Any CPU
		Release|Any CPU = Release|Any CPU
	EndGlobalSection
	GlobalSection(ProjectConfigurationPlatforms) = postSolution
		{8F9B996C-F5FB-4DDA-982B-4B30825933C3}.Debug|Any CPU.ActiveCfg = Debug|Any CPU
		{8F9B996C-F5FB-4DDA-982B-4B30825933C3}.Debug|Any CPU.Build.0 = Debug|Any CPU
		{8F9B996C-F5FB-4DDA-982B-4B30825933C3}.Release|Any CPU.ActiveCfg = Release|Any CPU
		{8F9B996C-F5FB-4DDA-982B-4B30825933C3}.Release|Any CPU.Build.0 = Release|Any CPU
	EndGlobalSection
	GlobalSection(SolutionProperties) = preSolution
		HideSolutionNode = FALSE
	EndGlobalSection
	GlobalSection(ExtensibilityGlobals) = postSolution
		SolutionGuid = {3988B4C1-CFA9-4843-9E7D-4BD5A0CD4168}
	EndGlobalSection
EndGlobal
